
Microsoft Visual Studio Solution File, Format Version 12.00
# Visual Studio Version 17
VisualStudioVersion = 17.5.002.0
MinimumVisualStudioVersion = 10.0.40219.1
Project("{9A19103F-16F7-4668-BE54-9A1E7A4F7556}") = "MyWinFormsApp", "MyWinFormsApp.csproj", "{C2343D78-EA63-49A8-8457-0214156AF0D3}"
EndProject
Global
	GlobalSection(SolutionConfigurationPlatforms) = preSolution
		Debug|Any CPU = Debug|Any CPU
		Release|Any CPU = Release|Any CPU
	EndGlobalSection
	GlobalSection(ProjectConfigurationPlatforms) = postSolution
		{C2343D78-EA63-49A8-8457-0214156AF0D3}.Debug|Any CPU.ActiveCfg = Debug|Any CPU
		{C2343D78-EA63-49A8-8457-0214156AF0D3}.Debug|Any CPU.Build.0 = Debug|Any CPU
		{C2343D78-EA63-49A8-8457-0214156AF0D3}.Release|Any CPU.ActiveCfg = Release|Any CPU
		{C2343D78-EA63-49A8-8457-0214156AF0D3}.Release|Any CPU.Build.0 = Release|Any CPU
	EndGlobalSection
	GlobalSection(SolutionProperties) = preSolution
		HideSolutionNode = FALSE
	EndGlobalSection
	GlobalSection(ExtensibilityGlobals) = postSolution
		SolutionGuid = {01F41A90-270D-4AF1-B0E9-92122DE45498}
	EndGlobalSection
EndGlobal
